Microsoft Visual Studio Solution File, Format Version 12.00
# Visual Studio Version 17
VisualStudioVersion = 17.8.34525.116
MinimumVisualStudioVersion = 10.0.40219.1
Project("{2150E333-8FDC-42A3-9474-1A3956D46DE8}") = "src", "src", "{D4564403-A463-4A90-9339-193B772F1549}"
EndProject
Project("{2150E333-8FDC-42A3-9474-1A3956D46DE8}") = "tests", "tests", "{685EA633-9EF7-4F97-885B-98D08BC8BF6C}"
EndProject
Project("{2150E333-8FDC-42A3-9474-1A3956D46DE8}") = "Services", "Services", "{A0806768-C6D7-47C3-A08A-DDCFF6D8618D}"
EndProject
Project("{2150E333-8FDC-42A3-9474-1A3956D46DE8}") = "Services", "Services", "{1AFD0172-2B76-469E-A1EF-7BFE28BCA129}"
EndProject
Project("{2150E333-8FDC-42A3-9474-1A3956D46DE8}") = "ShipmentService", "ShipmentService", "{84566DAF-0371-41CB-9633-F33316915257}"
EndProject
Project("{2150E333-8FDC-42A3-9474-1A3956D46DE8}") = "ShipmentService", "ShipmentService", "{33990015-EADE-4AD6-87BC-658B7086FDE5}"
EndProject
Project("{9A19103F-16F7-4668-BE54-9A1E7A4F7556}") = "ShipmentService.IntegrationEvent", "src\Services\ShipmentService\ShipmentService.IntegrationEvent\ShipmentService.IntegrationEvent.csproj", "{26046A41-A2B1-4A22-8879-2923A66D2489}"
EndProject
Project("{2150E333-8FDC-42A3-9474-1A3956D46DE8}") = "ReviewService", "ReviewService", "{D78AE65C-1994-49D7-A316-2FF7BDD3B2DF}"
EndProject
Project("{9A19103F-16F7-4668-BE54-9A1E7A4F7556}") = "ReviewService.Domain", "src\Services\ReviewService\ReviewService.Domain\ReviewService.Domain.csproj", "{FFBAE4C8-C33B-46CA-8D05-CC0A88CE596C}"
EndProject
Project("{9A19103F-16F7-4668-BE54-9A1E7A4F7556}") = "ReviewService.Application", "src\Services\ReviewService\ReviewService.Application\ReviewService.Application.csproj", "{A6EE87B1-1732-4BCB-B819-4901519729CF}"
EndProject
Project("{9A19103F-16F7-4668-BE54-9A1E7A4F7556}") = "ReviewService.Infrastructure", "src\Services\ReviewService\ReviewService.Infrastructure\ReviewService.Infrastructure.csproj", "{89B3DBE4-BF9C-4795-AF64-0B6105EB9FDA}"
EndProject
Project("{2150E333-8FDC-42A3-9474-1A3956D46DE8}") = "RecommendationService", "RecommendationService", "{E8E0206C-7FD7-45D6-97EE-A6AD987CFDA7}"
EndProject
Project("{9A19103F-16F7-4668-BE54-9A1E7A4F7556}") = "RecommendationService.WebApi", "src\Services\RecommendationService\RecommendationService.WebApi\RecommendationService.WebApi.csproj", "{229C9135-907F-4CB4-A3D6-3D9921A2E1A9}"
EndProject
Project("{2150E333-8FDC-42A3-9474-1A3956D46DE8}") = "Solution Items", "Solution Items", "{9D01EA8E-6980-409D-8FFB-0608CE1B8BD4}"
EndProject
Project("{9A19103F-16F7-4668-BE54-9A1E7A4F7556}") = "RecommendationService.Contracts", "src\Services\RecommendationService\RecommendationService.Contracts\RecommendationService.Contracts.csproj", "{0EB38DA9-1762-47E5-BCD4-B9837B978D1B}"
EndProject
Project("{9A19103F-16F7-4668-BE54-9A1E7A4F7556}") = "OrderService.Domain", "src\Services\OrderService\OrderService.Domain\OrderService.Domain.csproj", "{71E27116-9E6B-46D1-9298-36B4998F8C76}"
	ProjectSection(ProjectDependencies) = postProject
		{26046A41-A2B1-4A22-8879-2923A66D2489} = {26046A41-A2B1-4A22-8879-2923A66D2489}
	EndProjectSection
EndProject
Project("{2150E333-8FDC-42A3-9474-1A3956D46DE8}") = "OrderService", "OrderService", "{0BBA49D1-3682-416C-834C-3843FAEA5E24}"
EndProject
Project("{9A19103F-16F7-4668-BE54-9A1E7A4F7556}") = "OrderService.Application", "src\Services\OrderService\OrderService.Application\OrderService.Application.csproj", "{3F874720-BAE8-4C31-8A2A-A6375224C4DF}"
	ProjectSection(ProjectDependencies) = postProject
		{71E27116-9E6B-46D1-9298-36B4998F8C76} = {71E27116-9E6B-46D1-9298-36B4998F8C76}
		{A6EADCBB-788F-4B5B-A376-A84716338719} = {A6EADCBB-788F-4B5B-A376-A84716338719}
	EndProjectSection
EndProject
Project("{9A19103F-16F7-4668-BE54-9A1E7A4F7556}") = "OrderService.Infrastructure", "src\Services\OrderService\OrderService.Infrastructure\OrderService.Infrastructure.csproj", "{988CA0F4-C369-4DC8-8D41-6AF44C7D1FEC}"
	ProjectSection(ProjectDependencies) = postProject
		{26046A41-A2B1-4A22-8879-2923A66D2489} = {26046A41-A2B1-4A22-8879-2923A66D2489}
		{3F874720-BAE8-4C31-8A2A-A6375224C4DF} = {3F874720-BAE8-4C31-8A2A-A6375224C4DF}
		{A6EADCBB-788F-4B5B-A376-A84716338719} = {A6EADCBB-788F-4B5B-A376-A84716338719}
	EndProjectSection
EndProject
Project("{2150E333-8FDC-42A3-9474-1A3956D46DE8}") = "Catalog", "Catalog", "{6F0690CD-3547-4E0B-9665-7BFFF1587FDF}"
EndProject
Project("{9A19103F-16F7-4668-BE54-9A1E7A4F7556}") = "CatalogService.Application", "src\Services\Catalog\CatalogService.Application\CatalogService.Application.csproj", "{6D7D829E-ADFA-45D8-9F29-D432989F77EA}"
EndProject
Project("{9A19103F-16F7-4668-BE54-9A1E7A4F7556}") = "CatalogService.Infostructure", "src\Services\Catalog\CatalogService.Infostructure\CatalogService.Infostructure.csproj", "{6FA6C49B-9789-44F5-B481-4DB4721A0B22}"
EndProject
Project("{9A19103F-16F7-4668-BE54-9A1E7A4F7556}") = "CatalogService.Domain", "src\Services\Catalog\CatalogService.Domain\CatalogService.Domain.csproj", "{9A267655-93B6-4B26-9DDA-27E9CA88D379}"
EndProject
Project("{9A19103F-16F7-4668-BE54-9A1E7A4F7556}") = "CatalogService.WebApi", "src\Services\Catalog\CatalogService.WebApi\CatalogService.WebApi.csproj", "{872A5794-70EA-45A9-8482-349ABC46BD96}"
EndProject
Project("{9A19103F-16F7-4668-BE54-9A1E7A4F7556}") = "CatalogService.Contracts", "src\Services\Catalog\CatalogService.Contracts\CatalogService.Contracts.csproj", "{60F627BF-6CB8-4E25-8E40-6B524AD654F0}"
EndProject
Project("{2150E333-8FDC-42A3-9474-1A3956D46DE8}") = "CartService", "CartService", "{4391AB8B-3648-47C0-91E5-F3CDAE96E0A0}"
EndProject
Project("{9A19103F-16F7-4668-BE54-9A1E7A4F7556}") = "CartService.Domain", "src\Services\CartService\CartService.Domain\CartService.Domain.csproj", "{3E9298EB-2FD8-44F9-A6E4-E3E0B4E980CF}"
EndProject
Project("{9A19103F-16F7-4668-BE54-9A1E7A4F7556}") = "CartService.Aplication", "src\Services\CartService\CartService.Aplication\CartService.Aplication.csproj", "{21B1199B-AD90-4946-88E0-B147A364947E}"
EndProject
Project("{9A19103F-16F7-4668-BE54-9A1E7A4F7556}") = "CartService.Infrastructure", "src\Services\CartService\CartService.Infrastructure\CartService.Infrastructure.csproj", "{6503359E-7FE0-4FCE-B42C-C65836624F06}"
EndProject
Project("{2150E333-8FDC-42A3-9474-1A3956D46DE8}") = "CartService", "CartService", "{F3674980-185C-4D52-98DB-01BDE961F205}"
EndProject
Project("{9A19103F-16F7-4668-BE54-9A1E7A4F7556}") = "CartService.Aplication.UnitTests.NUnit", "tests\Services\CartService\CartService.Aplication.UnitTests.NUnit\CartService.Aplication.UnitTests.NUnit.csproj", "{680CBA1E-670B-40B8-90FE-39866B4E1279}"
EndProject
Project("{9A19103F-16F7-4668-BE54-9A1E7A4F7556}") = "CartService.Api", "src\Services\CartService\CartService.Api\CartService.Api.csproj", "{A1846A71-FF36-4961-BA68-DC8EBF8FA77D}"
EndProject
Project("{2150E333-8FDC-42A3-9474-1A3956D46DE8}") = "AnalyticsService", "AnalyticsService", "{24360CC8-42E1-4643-9891-1B04CE72993C}"
EndProject
Project("{9A19103F-16F7-4668-BE54-9A1E7A4F7556}") = "AnalyticsServiceApi", "src\Services\AnalyticsService\AnalyticsServiceApi\AnalyticsServiceApi.csproj", "{B7272347-D6BB-4D1B-8008-A0E70C4AF40C}"
EndProject
Project("{2150E333-8FDC-42A3-9474-1A3956D46DE8}") = "Solution Items", "Solution Items", "{C3A61306-3988-4F45-A499-2A38CC0E20DE}"
EndProject
Project("{9A19103F-16F7-4668-BE54-9A1E7A4F7556}") = "AnalyticService.Contracts", "src\Services\AnalyticsService\AnalyticService.Contracts\AnalyticService.Contracts.csproj", "{D0D5DD94-6221-4063-969C-79DEB5B07550}"
EndProject
Project("{2150E333-8FDC-42A3-9474-1A3956D46DE8}") = "PaymentService", "PaymentService", "{FF97376A-14E5-4586-8252-DFE8C5F904D2}"
EndProject
Project("{9A19103F-16F7-4668-BE54-9A1E7A4F7556}") = "PaymentService.IntegrationEvents", "src\Services\PaymentService\PaymentService.IntegrationEvents\PaymentService.IntegrationEvents.csproj", "{A6EADCBB-788F-4B5B-A376-A84716338719}"
EndProject
Project("{9A19103F-16F7-4668-BE54-9A1E7A4F7556}") = "OrderServiceWebAPI", "src\Services\OrderService\OrderServiceWebAPI\OrderServiceWebAPI.csproj", "{4B5698A7-E831-4B08-9E00-1B90EA964C96}"
	ProjectSection(ProjectDependencies) = postProject
		{3F874720-BAE8-4C31-8A2A-A6375224C4DF} = {3F874720-BAE8-4C31-8A2A-A6375224C4DF}
		{71E27116-9E6B-46D1-9298-36B4998F8C76} = {71E27116-9E6B-46D1-9298-36B4998F8C76}
		{885B5B3E-306A-4C1A-B284-081DF236CD56} = {885B5B3E-306A-4C1A-B284-081DF236CD56}
		{988CA0F4-C369-4DC8-8D41-6AF44C7D1FEC} = {988CA0F4-C369-4DC8-8D41-6AF44C7D1FEC}
	EndProjectSection
EndProject
Project("{9A19103F-16F7-4668-BE54-9A1E7A4F7556}") = "OrderService.IntegrationEvents", "src\Services\OrderService\OrderService.IntegrationEvents\OrderService.IntegrationEvents.csproj", "{885B5B3E-306A-4C1A-B284-081DF236CD56}"
EndProject
Project("{2150E333-8FDC-42A3-9474-1A3956D46DE8}") = "Solution Items", "Solution Items", "{31AC7A4C-8D13-4BCE-A749-EE4D35430948}"
	ProjectSection(SolutionItems) = preProject
		.editorconfig = .editorconfig
	EndProjectSection
EndProject
Global
	GlobalSection(SolutionConfigurationPlatforms) = preSolution
		Debug|Any CPU = Debug|Any CPU
		Release|Any CPU = Release|Any CPU
	EndGlobalSection
	GlobalSection(ProjectConfigurationPlatforms) = postSolution
		{26046A41-A2B1-4A22-8879-2923A66D2489}.Debug|Any CPU.ActiveCfg = Debug|Any CPU
		{26046A41-A2B1-4A22-8879-2923A66D2489}.Debug|Any CPU.Build.0 = Debug|Any CPU
		{26046A41-A2B1-4A22-8879-2923A66D2489}.Release|Any CPU.ActiveCfg = Release|Any CPU
		{26046A41-A2B1-4A22-8879-2923A66D2489}.Release|Any CPU.Build.0 = Release|Any CPU
		{FFBAE4C8-C33B-46CA-8D05-CC0A88CE596C}.Debug|Any CPU.ActiveCfg = Debug|Any CPU
		{FFBAE4C8-C33B-46CA-8D05-CC0A88CE596C}.Debug|Any CPU.Build.0 = Debug|Any CPU
		{FFBAE4C8-C33B-46CA-8D05-CC0A88CE596C}.Release|Any CPU.ActiveCfg = Release|Any CPU
		{FFBAE4C8-C33B-46CA-8D05-CC0A88CE596C}.Release|Any CPU.Build.0 = Release|Any CPU
		{A6EE87B1-1732-4BCB-B819-4901519729CF}.Debug|Any CPU.ActiveCfg = Debug|Any CPU
		{A6EE87B1-1732-4BCB-B819-4901519729CF}.Debug|Any CPU.Build.0 = Debug|Any CPU
		{A6EE87B1-1732-4BCB-B819-4901519729CF}.Release|Any CPU.ActiveCfg = Release|Any CPU
		{A6EE87B1-1732-4BCB-B819-4901519729CF}.Release|Any CPU.Build.0 = Release|Any CPU
		{89B3DBE4-BF9C-4795-AF64-0B6105EB9FDA}.Debug|Any CPU.ActiveCfg = Debug|Any CPU
		{89B3DBE4-BF9C-4795-AF64-0B6105EB9FDA}.Debug|Any CPU.Build.0 = Debug|Any CPU
		{89B3DBE4-BF9C-4795-AF64-0B6105EB9FDA}.Release|Any CPU.ActiveCfg = Release|Any CPU
		{89B3DBE4-BF9C-4795-AF64-0B6105EB9FDA}.Release|Any CPU.Build.0 = Release|Any CPU
		{229C9135-907F-4CB4-A3D6-3D9921A2E1A9}.Debug|Any CPU.ActiveCfg = Debug|Any CPU
		{229C9135-907F-4CB4-A3D6-3D9921A2E1A9}.Debug|Any CPU.Build.0 = Debug|Any CPU
		{229C9135-907F-4CB4-A3D6-3D9921A2E1A9}.Release|Any CPU.ActiveCfg = Release|Any CPU
		{229C9135-907F-4CB4-A3D6-3D9921A2E1A9}.Release|Any CPU.Build.0 = Release|Any CPU
		{0EB38DA9-1762-47E5-BCD4-B9837B978D1B}.Debug|Any CPU.ActiveCfg = Debug|Any CPU
		{0EB38DA9-1762-47E5-BCD4-B9837B978D1B}.Debug|Any CPU.Build.0 = Debug|Any CPU
		{0EB38DA9-1762-47E5-BCD4-B9837B978D1B}.Release|Any CPU.ActiveCfg = Release|Any CPU
		{0EB38DA9-1762-47E5-BCD4-B9837B978D1B}.Release|Any CPU.Build.0 = Release|Any CPU
		{71E27116-9E6B-46D1-9298-36B4998F8C76}.Debug|Any CPU.ActiveCfg = Debug|Any CPU
		{71E27116-9E6B-46D1-9298-36B4998F8C76}.Debug|Any CPU.Build.0 = Debug|Any CPU
		{71E27116-9E6B-46D1-9298-36B4998F8C76}.Release|Any CPU.ActiveCfg = Release|Any CPU
		{71E27116-9E6B-46D1-9298-36B4998F8C76}.Release|Any CPU.Build.0 = Release|Any CPU
		{3F874720-BAE8-4C31-8A2A-A6375224C4DF}.Debug|Any CPU.ActiveCfg = Debug|Any CPU
		{3F874720-BAE8-4C31-8A2A-A6375224C4DF}.Debug|Any CPU.Build.0 = Debug|Any CPU
		{3F874720-BAE8-4C31-8A2A-A6375224C4DF}.Release|Any CPU.ActiveCfg = Release|Any CPU
		{3F874720-BAE8-4C31-8A2A-A6375224C4DF}.Release|Any CPU.Build.0 = Release|Any CPU
		{988CA0F4-C369-4DC8-8D41-6AF44C7D1FEC}.Debug|Any CPU.ActiveCfg = Debug|Any CPU
		{988CA0F4-C369-4DC8-8D41-6AF44C7D1FEC}.Debug|Any CPU.Build.0 = Debug|Any CPU
		{988CA0F4-C369-4DC8-8D41-6AF44C7D1FEC}.Release|Any CPU.ActiveCfg = Release|Any CPU
		{988CA0F4-C369-4DC8-8D41-6AF44C7D1FEC}.Release|Any CPU.Build.0 = Release|Any CPU
		{6D7D829E-ADFA-45D8-9F29-D432989F77EA}.Debug|Any CPU.ActiveCfg = Debug|Any CPU
		{6D7D829E-ADFA-45D8-9F29-D432989F77EA}.Debug|Any CPU.Build.0 = Debug|Any CPU
		{6D7D829E-ADFA-45D8-9F29-D432989F77EA}.Release|Any CPU.ActiveCfg = Release|Any CPU
		{6D7D829E-ADFA-45D8-9F29-D432989F77EA}.Release|Any CPU.Build.0 = Release|Any CPU
		{6FA6C49B-9789-44F5-B481-4DB4721A0B22}.Debug|Any CPU.ActiveCfg = Debug|Any CPU
		{6FA6C49B-9789-44F5-B481-4DB4721A0B22}.Debug|Any CPU.Build.0 = Debug|Any CPU
		{6FA6C49B-9789-44F5-B481-4DB4721A0B22}.Release|Any CPU.ActiveCfg = Release|Any CPU
		{6FA6C49B-9789-44F5-B481-4DB4721A0B22}.Release|Any CPU.Build.0 = Release|Any CPU
		{9A267655-93B6-4B26-9DDA-27E9CA88D379}.Debug|Any CPU.ActiveCfg = Debug|Any CPU
		{9A267655-93B6-4B26-9DDA-27E9CA88D379}.Debug|Any CPU.Build.0 = Debug|Any CPU
		{9A267655-93B6-4B26-9DDA-27E9CA88D379}.Release|Any CPU.ActiveCfg = Release|Any CPU
		{9A267655-93B6-4B26-9DDA-27E9CA88D379}.Release|Any CPU.Build.0 = Release|Any CPU
		{872A5794-70EA-45A9-8482-349ABC46BD96}.Debug|Any CPU.ActiveCfg = Debug|Any CPU
		{872A5794-70EA-45A9-8482-349ABC46BD96}.Debug|Any CPU.Build.0 = Debug|Any CPU
		{872A5794-70EA-45A9-8482-349ABC46BD96}.Release|Any CPU.ActiveCfg = Release|Any CPU
		{872A5794-70EA-45A9-8482-349ABC46BD96}.Release|Any CPU.Build.0 = Release|Any CPU
		{60F627BF-6CB8-4E25-8E40-6B524AD654F0}.Debug|Any CPU.ActiveCfg = Debug|Any CPU
		{60F627BF-6CB8-4E25-8E40-6B524AD654F0}.Debug|Any CPU.Build.0 = Debug|Any CPU
		{60F627BF-6CB8-4E25-8E40-6B524AD654F0}.Release|Any CPU.ActiveCfg = Release|Any CPU
		{60F627BF-6CB8-4E25-8E40-6B524AD654F0}.Release|Any CPU.Build.0 = Release|Any CPU
		{3E9298EB-2FD8-44F9-A6E4-E3E0B4E980CF}.Debug|Any CPU.ActiveCfg = Debug|Any CPU
		{3E9298EB-2FD8-44F9-A6E4-E3E0B4E980CF}.Debug|Any CPU.Build.0 = Debug|Any CPU
		{3E9298EB-2FD8-44F9-A6E4-E3E0B4E980CF}.Release|Any CPU.ActiveCfg = Release|Any CPU
		{3E9298EB-2FD8-44F9-A6E4-E3E0B4E980CF}.Release|Any CPU.Build.0 = Release|Any CPU
		{21B1199B-AD90-4946-88E0-B147A364947E}.Debug|Any CPU.ActiveCfg = Debug|Any CPU
		{21B1199B-AD90-4946-88E0-B147A364947E}.Debug|Any CPU.Build.0 = Debug|Any CPU
		{21B1199B-AD90-4946-88E0-B147A364947E}.Release|Any CPU.ActiveCfg = Release|Any CPU
		{21B1199B-AD90-4946-88E0-B147A364947E}.Release|Any CPU.Build.0 = Release|Any CPU
		{6503359E-7FE0-4FCE-B42C-C65836624F06}.Debug|Any CPU.ActiveCfg = Debug|Any CPU
		{6503359E-7FE0-4FCE-B42C-C65836624F06}.Debug|Any CPU.Build.0 = Debug|Any CPU
		{6503359E-7FE0-4FCE-B42C-C65836624F06}.Release|Any CPU.ActiveCfg = Release|Any CPU
		{6503359E-7FE0-4FCE-B42C-C65836624F06}.Release|Any CPU.Build.0 = Release|Any CPU
		{680CBA1E-670B-40B8-90FE-39866B4E1279}.Debug|Any CPU.ActiveCfg = Debug|Any CPU
		{680CBA1E-670B-40B8-90FE-39866B4E1279}.Debug|Any CPU.Build.0 = Debug|Any CPU
		{680CBA1E-670B-40B8-90FE-39866B4E1279}.Release|Any CPU.ActiveCfg = Release|Any CPU
		{680CBA1E-670B-40B8-90FE-39866B4E1279}.Release|Any CPU.Build.0 = Release|Any CPU
		{A1846A71-FF36-4961-BA68-DC8EBF8FA77D}.Debug|Any CPU.ActiveCfg = Debug|Any CPU
		{A1846A71-FF36-4961-BA68-DC8EBF8FA77D}.Debug|Any CPU.Build.0 = Debug|Any CPU
		{A1846A71-FF36-4961-BA68-DC8EBF8FA77D}.Release|Any CPU.ActiveCfg = Release|Any CPU
		{A1846A71-FF36-4961-BA68-DC8EBF8FA77D}.Release|Any CPU.Build.0 = Release|Any CPU
		{B7272347-D6BB-4D1B-8008-A0E70C4AF40C}.Debug|Any CPU.ActiveCfg = Debug|Any CPU
		{B7272347-D6BB-4D1B-8008-A0E70C4AF40C}.Debug|Any CPU.Build.0 = Debug|Any CPU
		{B7272347-D6BB-4D1B-8008-A0E70C4AF40C}.Release|Any CPU.ActiveCfg = Release|Any CPU
		{B7272347-D6BB-4D1B-8008-A0E70C4AF40C}.Release|Any CPU.Build.0 = Release|Any CPU
		{D0D5DD94-6221-4063-969C-79DEB5B07550}.Debug|Any CPU.ActiveCfg = Debug|Any CPU
		{D0D5DD94-6221-4063-969C-79DEB5B07550}.Debug|Any CPU.Build.0 = Debug|Any CPU
		{D0D5DD94-6221-4063-969C-79DEB5B07550}.Release|Any CPU.ActiveCfg = Release|Any CPU
		{D0D5DD94-6221-4063-969C-79DEB5B07550}.Release|Any CPU.Build.0 = Release|Any CPU
		{A6EADCBB-788F-4B5B-A376-A84716338719}.Debug|Any CPU.ActiveCfg = Debug|Any CPU
		{A6EADCBB-788F-4B5B-A376-A84716338719}.Debug|Any CPU.Build.0 = Debug|Any CPU
		{A6EADCBB-788F-4B5B-A376-A84716338719}.Release|Any CPU.ActiveCfg = Release|Any CPU
		{A6EADCBB-788F-4B5B-A376-A84716338719}.Release|Any CPU.Build.0 = Release|Any CPU
		{4B5698A7-E831-4B08-9E00-1B90EA964C96}.Debug|Any CPU.ActiveCfg = Debug|Any CPU
		{4B5698A7-E831-4B08-9E00-1B90EA964C96}.Debug|Any CPU.Build.0 = Debug|Any CPU
		{4B5698A7-E831-4B08-9E00-1B90EA964C96}.Release|Any CPU.ActiveCfg = Release|Any CPU
		{4B5698A7-E831-4B08-9E00-1B90EA964C96}.Release|Any CPU.Build.0 = Release|Any CPU
		{885B5B3E-306A-4C1A-B284-081DF236CD56}.Debug|Any CPU.ActiveCfg = Debug|Any CPU
		{885B5B3E-306A-4C1A-B284-081DF236CD56}.Debug|Any CPU.Build.0 = Debug|Any CPU
		{885B5B3E-306A-4C1A-B284-081DF236CD56}.Release|Any CPU.ActiveCfg = Release|Any CPU
		{885B5B3E-306A-4C1A-B284-081DF236CD56}.Release|Any CPU.Build.0 = Release|Any CPU
	EndGlobalSection
	GlobalSection(SolutionProperties) = preSolution
		HideSolutionNode = FALSE
	EndGlobalSection
	GlobalSection(NestedProjects) = preSolution
		{A0806768-C6D7-47C3-A08A-DDCFF6D8618D} = {D4564403-A463-4A90-9339-193B772F1549}
		{1AFD0172-2B76-469E-A1EF-7BFE28BCA129} = {685EA633-9EF7-4F97-885B-98D08BC8BF6C}
		{84566DAF-0371-41CB-9633-F33316915257} = {A0806768-C6D7-47C3-A08A-DDCFF6D8618D}
		{33990015-EADE-4AD6-87BC-658B7086FDE5} = {1AFD0172-2B76-469E-A1EF-7BFE28BCA129}
		{26046A41-A2B1-4A22-8879-2923A66D2489} = {84566DAF-0371-41CB-9633-F33316915257}
		{D78AE65C-1994-49D7-A316-2FF7BDD3B2DF} = {A0806768-C6D7-47C3-A08A-DDCFF6D8618D}
		{FFBAE4C8-C33B-46CA-8D05-CC0A88CE596C} = {D78AE65C-1994-49D7-A316-2FF7BDD3B2DF}
		{A6EE87B1-1732-4BCB-B819-4901519729CF} = {D78AE65C-1994-49D7-A316-2FF7BDD3B2DF}
		{89B3DBE4-BF9C-4795-AF64-0B6105EB9FDA} = {D78AE65C-1994-49D7-A316-2FF7BDD3B2DF}
		{E8E0206C-7FD7-45D6-97EE-A6AD987CFDA7} = {A0806768-C6D7-47C3-A08A-DDCFF6D8618D}
		{229C9135-907F-4CB4-A3D6-3D9921A2E1A9} = {E8E0206C-7FD7-45D6-97EE-A6AD987CFDA7}
		{9D01EA8E-6980-409D-8FFB-0608CE1B8BD4} = {E8E0206C-7FD7-45D6-97EE-A6AD987CFDA7}
		{0EB38DA9-1762-47E5-BCD4-B9837B978D1B} = {9D01EA8E-6980-409D-8FFB-0608CE1B8BD4}
		{71E27116-9E6B-46D1-9298-36B4998F8C76} = {0BBA49D1-3682-416C-834C-3843FAEA5E24}
		{0BBA49D1-3682-416C-834C-3843FAEA5E24} = {A0806768-C6D7-47C3-A08A-DDCFF6D8618D}
		{3F874720-BAE8-4C31-8A2A-A6375224C4DF} = {0BBA49D1-3682-416C-834C-3843FAEA5E24}
		{988CA0F4-C369-4DC8-8D41-6AF44C7D1FEC} = {0BBA49D1-3682-416C-834C-3843FAEA5E24}
		{6F0690CD-3547-4E0B-9665-7BFFF1587FDF} = {A0806768-C6D7-47C3-A08A-DDCFF6D8618D}
		{6D7D829E-ADFA-45D8-9F29-D432989F77EA} = {6F0690CD-3547-4E0B-9665-7BFFF1587FDF}
		{6FA6C49B-9789-44F5-B481-4DB4721A0B22} = {6F0690CD-3547-4E0B-9665-7BFFF1587FDF}
		{9A267655-93B6-4B26-9DDA-27E9CA88D379} = {6F0690CD-3547-4E0B-9665-7BFFF1587FDF}
		{872A5794-70EA-45A9-8482-349ABC46BD96} = {6F0690CD-3547-4E0B-9665-7BFFF1587FDF}
		{60F627BF-6CB8-4E25-8E40-6B524AD654F0} = {6F0690CD-3547-4E0B-9665-7BFFF1587FDF}
		{4391AB8B-3648-47C0-91E5-F3CDAE96E0A0} = {A0806768-C6D7-47C3-A08A-DDCFF6D8618D}
		{3E9298EB-2FD8-44F9-A6E4-E3E0B4E980CF} = {4391AB8B-3648-47C0-91E5-F3CDAE96E0A0}
		{21B1199B-AD90-4946-88E0-B147A364947E} = {4391AB8B-3648-47C0-91E5-F3CDAE96E0A0}
		{6503359E-7FE0-4FCE-B42C-C65836624F06} = {4391AB8B-3648-47C0-91E5-F3CDAE96E0A0}
		{F3674980-185C-4D52-98DB-01BDE961F205} = {1AFD0172-2B76-469E-A1EF-7BFE28BCA129}
		{680CBA1E-670B-40B8-90FE-39866B4E1279} = {F3674980-185C-4D52-98DB-01BDE961F205}
		{A1846A71-FF36-4961-BA68-DC8EBF8FA77D} = {4391AB8B-3648-47C0-91E5-F3CDAE96E0A0}
		{24360CC8-42E1-4643-9891-1B04CE72993C} = {A0806768-C6D7-47C3-A08A-DDCFF6D8618D}
		{B7272347-D6BB-4D1B-8008-A0E70C4AF40C} = {24360CC8-42E1-4643-9891-1B04CE72993C}
		{C3A61306-3988-4F45-A499-2A38CC0E20DE} = {24360CC8-42E1-4643-9891-1B04CE72993C}
		{D0D5DD94-6221-4063-969C-79DEB5B07550} = {C3A61306-3988-4F45-A499-2A38CC0E20DE}
		{FF97376A-14E5-4586-8252-DFE8C5F904D2} = {A0806768-C6D7-47C3-A08A-DDCFF6D8618D}
		{A6EADCBB-788F-4B5B-A376-A84716338719} = {FF97376A-14E5-4586-8252-DFE8C5F904D2}
		{4B5698A7-E831-4B08-9E00-1B90EA964C96} = {0BBA49D1-3682-416C-834C-3843FAEA5E24}
		{885B5B3E-306A-4C1A-B284-081DF236CD56} = {0BBA49D1-3682-416C-834C-3843FAEA5E24}
	EndGlobalSection
	GlobalSection(ExtensibilityGlobals) = postSolution
		SolutionGuid = {2CD6E12B-9281-4A9A-89C5-AC0F937CF536}
	EndGlobalSection
EndGlobal
